
Microsoft Visual Studio Solution File, Format Version 12.00
# Visual Studio Version 17
VisualStudioVersion = 17.0.31903.59
MinimumVisualStudioVersion = 10.0.40219.1
Project("{2150E333-8FDC-42A3-9474-1A3956D46DE8}") = "src", "src", "{827E0CD3-B72D-47B6-A68D-7590B98EB39B}"
EndProject
Project("{FAE04EC0-301F-11D3-BF4B-00C04F79EFBC}") = "Mottu.Rentals.Api", "src\Mottu.Rentals.Api\Mottu.Rentals.Api.csproj", "{B6B8E6C0-E61B-49D6-BCA4-B8250F1D9354}"
EndProject
Project("{FAE04EC0-301F-11D3-BF4B-00C04F79EFBC}") = "Mottu.Rentals.Domain", "src\Mottu.Rentals.Domain\Mottu.Rentals.Domain.csproj", "{BF9EEBAE-FAC4-49D4-8903-5AD72D510773}"
EndProject
Project("{FAE04EC0-301F-11D3-BF4B-00C04F79EFBC}") = "Mottu.Rentals.Application", "src\Mottu.Rentals.Application\Mottu.Rentals.Application.csproj", "{239DA2DD-C4EA-4B5E-945D-5C302FADFBAA}"
EndProject
Project("{FAE04EC0-301F-11D3-BF4B-00C04F79EFBC}") = "Mottu.Rentals.Infrastructure", "src\Mottu.Rentals.Infrastructure\Mottu.Rentals.Infrastructure.csproj", "{4FA9BC5B-9421-4656-95B0-05C4A4108CAF}"
EndProject
Project("{FAE04EC0-301F-11D3-BF4B-00C04F79EFBC}") = "Mottu.Rentals.Contracts", "src\Mottu.Rentals.Contracts\Mottu.Rentals.Contracts.csproj", "{769D5295-11D8-42E0-92D4-12C14450DB6E}"
EndProject
Project("{2150E333-8FDC-42A3-9474-1A3956D46DE8}") = "tests", "tests", "{0AB3BF05-4346-4AA6-1389-037BE0695223}"
EndProject
Project("{FAE04EC0-301F-11D3-BF4B-00C04F79EFBC}") = "Mottu.Rentals.UnitTests", "tests\Mottu.Rentals.UnitTests\Mottu.Rentals.UnitTests.csproj", "{2A796869-3245-494C-9F8F-2F28E784516F}"
EndProject
Project("{FAE04EC0-301F-11D3-BF4B-00C04F79EFBC}") = "Mottu.Rentals.FunctionalTests", "tests\Mottu.Rentals.FunctionalTests\Mottu.Rentals.FunctionalTests.csproj", "{2647E402-7B07-417D-AA00-10F9E0623A5E}"
EndProject
Project("{FAE04EC0-301F-11D3-BF4B-00C04F79EFBC}") = "Mottu.Rentals.IntegrationTests", "tests\Mottu.Rentals.IntegrationTests\Mottu.Rentals.IntegrationTests.csproj", "{13BF8E6B-E158-44C4-AC69-A3FFAE1342DA}"
EndProject
Global
	GlobalSection(SolutionConfigurationPlatforms) = preSolution
		Debug|Any CPU = Debug|Any CPU
		Debug|x64 = Debug|x64
		Debug|x86 = Debug|x86
		Release|Any CPU = Release|Any CPU
		Release|x64 = Release|x64
		Release|x86 = Release|x86
	EndGlobalSection
	GlobalSection(ProjectConfigurationPlatforms) = postSolution
		{B6B8E6C0-E61B-49D6-BCA4-B8250F1D9354}.Debug|Any CPU.ActiveCfg = Debug|Any CPU
		{B6B8E6C0-E61B-49D6-BCA4-B8250F1D9354}.Debug|Any CPU.Build.0 = Debug|Any CPU
		{B6B8E6C0-E61B-49D6-BCA4-B8250F1D9354}.Debug|x64.ActiveCfg = Debug|Any CPU
		{B6B8E6C0-E61B-49D6-BCA4-B8250F1D9354}.Debug|x64.Build.0 = Debug|Any CPU
		{B6B8E6C0-E61B-49D6-BCA4-B8250F1D9354}.Debug|x86.ActiveCfg = Debug|Any CPU
		{B6B8E6C0-E61B-49D6-BCA4-B8250F1D9354}.Debug|x86.Build.0 = Debug|Any CPU
		{B6B8E6C0-E61B-49D6-BCA4-B8250F1D9354}.Release|Any CPU.ActiveCfg = Release|Any CPU
		{B6B8E6C0-E61B-49D6-BCA4-B8250F1D9354}.Release|Any CPU.Build.0 = Release|Any CPU
		{B6B8E6C0-E61B-49D6-BCA4-B8250F1D9354}.Release|x64.ActiveCfg = Release|Any CPU
		{B6B8E6C0-E61B-49D6-BCA4-B8250F1D9354}.Release|x64.Build.0 = Release|Any CPU
		{B6B8E6C0-E61B-49D6-BCA4-B8250F1D9354}.Release|x86.ActiveCfg = Release|Any CPU
		{B6B8E6C0-E61B-49D6-BCA4-B8250F1D9354}.Release|x86.Build.0 = Release|Any CPU
		{BF9EEBAE-FAC4-49D4-8903-5AD72D510773}.Debug|Any CPU.ActiveCfg = Debug|Any CPU
		{BF9EEBAE-FAC4-49D4-8903-5AD72D510773}.Debug|Any CPU.Build.0 = Debug|Any CPU
		{BF9EEBAE-FAC4-49D4-8903-5AD72D510773}.Debug|x64.ActiveCfg = Debug|Any CPU
		{BF9EEBAE-FAC4-49D4-8903-5AD72D510773}.Debug|x64.Build.0 = Debug|Any CPU
		{BF9EEBAE-FAC4-49D4-8903-5AD72D510773}.Debug|x86.ActiveCfg = Debug|Any CPU
		{BF9EEBAE-FAC4-49D4-8903-5AD72D510773}.Debug|x86.Build.0 = Debug|Any CPU
		{BF9EEBAE-FAC4-49D4-8903-5AD72D510773}.Release|Any CPU.ActiveCfg = Release|Any CPU
		{BF9EEBAE-FAC4-49D4-8903-5AD72D510773}.Release|Any CPU.Build.0 = Release|Any CPU
		{BF9EEBAE-FAC4-49D4-8903-5AD72D510773}.Release|x64.ActiveCfg = Release|Any CPU
		{BF9EEBAE-FAC4-49D4-8903-5AD72D510773}.Release|x64.Build.0 = Release|Any CPU
		{BF9EEBAE-FAC4-49D4-8903-5AD72D510773}.Release|x86.ActiveCfg = Release|Any CPU
		{BF9EEBAE-FAC4-49D4-8903-5AD72D510773}.Release|x86.Build.0 = Release|Any CPU
		{239DA2DD-C4EA-4B5E-945D-5C302FADFBAA}.Debug|Any CPU.ActiveCfg = Debug|Any CPU
		{239DA2DD-C4EA-4B5E-945D-5C302FADFBAA}.Debug|Any CPU.Build.0 = Debug|Any CPU
		{239DA2DD-C4EA-4B5E-945D-5C302FADFBAA}.Debug|x64.ActiveCfg = Debug|Any CPU
		{239DA2DD-C4EA-4B5E-945D-5C302FADFBAA}.Debug|x64.Build.0 = Debug|Any CPU
		{239DA2DD-C4EA-4B5E-945D-5C302FADFBAA}.Debug|x86.ActiveCfg = Debug|Any CPU
		{239DA2DD-C4EA-4B5E-945D-5C302FADFBAA}.Debug|x86.Build.0 = Debug|Any CPU
		{239DA2DD-C4EA-4B5E-945D-5C302FADFBAA}.Release|Any CPU.ActiveCfg = Release|Any CPU
		{239DA2DD-C4EA-4B5E-945D-5C302FADFBAA}.Release|Any CPU.Build.0 = Release|Any CPU
		{239DA2DD-C4EA-4B5E-945D-5C302FADFBAA}.Release|x64.ActiveCfg = Release|Any CPU
		{239DA2DD-C4EA-4B5E-945D-5C302FADFBAA}.Release|x64.Build.0 = Release|Any CPU
		{239DA2DD-C4EA-4B5E-945D-5C302FADFBAA}.Release|x86.ActiveCfg = Release|Any CPU
		{239DA2DD-C4EA-4B5E-945D-5C302FADFBAA}.Release|x86.Build.0 = Release|Any CPU
		{4FA9BC5B-9421-4656-95B0-05C4A4108CAF}.Debug|Any CPU.ActiveCfg = Debug|Any CPU
		{4FA9BC5B-9421-4656-95B0-05C4A4108CAF}.Debug|Any CPU.Build.0 = Debug|Any CPU
		{4FA9BC5B-9421-4656-95B0-05C4A4108CAF}.Debug|x64.ActiveCfg = Debug|Any CPU
		{4FA9BC5B-9421-4656-95B0-05C4A4108CAF}.Debug|x64.Build.0 = Debug|Any CPU
		{4FA9BC5B-9421-4656-95B0-05C4A4108CAF}.Debug|x86.ActiveCfg = Debug|Any CPU
		{4FA9BC5B-9421-4656-95B0-05C4A4108CAF}.Debug|x86.Build.0 = Debug|Any CPU
		{4FA9BC5B-9421-4656-95B0-05C4A4108CAF}.Release|Any CPU.ActiveCfg = Release|Any CPU
		{4FA9BC5B-9421-4656-95B0-05C4A4108CAF}.Release|Any CPU.Build.0 = Release|Any CPU
		{4FA9BC5B-9421-4656-95B0-05C4A4108CAF}.Release|x64.ActiveCfg = Release|Any CPU
		{4FA9BC5B-9421-4656-95B0-05C4A4108CAF}.Release|x64.Build.0 = Release|Any CPU
		{4FA9BC5B-9421-4656-95B0-05C4A4108CAF}.Release|x86.ActiveCfg = Release|Any CPU
		{4FA9BC5B-9421-4656-95B0-05C4A4108CAF}.Release|x86.Build.0 = Release|Any CPU
		{769D5295-11D8-42E0-92D4-12C14450DB6E}.Debug|Any CPU.ActiveCfg = Debug|Any CPU
		{769D5295-11D8-42E0-92D4-12C14450DB6E}.Debug|Any CPU.Build.0 = Debug|Any CPU
		{769D5295-11D8-42E0-92D4-12C14450DB6E}.Debug|x64.ActiveCfg = Debug|Any CPU
		{769D5295-11D8-42E0-92D4-12C14450DB6E}.Debug|x64.Build.0 = Debug|Any CPU
		{769D5295-11D8-42E0-92D4-12C14450DB6E}.Debug|x86.ActiveCfg = Debug|Any CPU
		{769D5295-11D8-42E0-92D4-12C14450DB6E}.Debug|x86.Build.0 = Debug|Any CPU
		{769D5295-11D8-42E0-92D4-12C14450DB6E}.Release|Any CPU.ActiveCfg = Release|Any CPU
		{769D5295-11D8-42E0-92D4-12C14450DB6E}.Release|Any CPU.Build.0 = Release|Any CPU
		{769D5295-11D8-42E0-92D4-12C14450DB6E}.Release|x64.ActiveCfg = Release|Any CPU
		{769D5295-11D8-42E0-92D4-12C14450DB6E}.Release|x64.Build.0 = Release|Any CPU
		{769D5295-11D8-42E0-92D4-12C14450DB6E}.Release|x86.ActiveCfg = Release|Any CPU
		{769D5295-11D8-42E0-92D4-12C14450DB6E}.Release|x86.Build.0 = Release|Any CPU
		{2A796869-3245-494C-9F8F-2F28E784516F}.Debug|Any CPU.ActiveCfg = Debug|Any CPU
		{2A796869-3245-494C-9F8F-2F28E784516F}.Debug|Any CPU.Build.0 = Debug|Any CPU
		{2A796869-3245-494C-9F8F-2F28E784516F}.Debug|x64.ActiveCfg = Debug|Any CPU
		{2A796869-3245-494C-9F8F-2F28E784516F}.Debug|x64.Build.0 = Debug|Any CPU
		{2A796869-3245-494C-9F8F-2F28E784516F}.Debug|x86.ActiveCfg = Debug|Any CPU
		{2A796869-3245-494C-9F8F-2F28E784516F}.Debug|x86.Build.0 = Debug|Any CPU
		{2A796869-3245-494C-9F8F-2F28E784516F}.Release|Any CPU.ActiveCfg = Release|Any CPU
		{2A796869-3245-494C-9F8F-2F28E784516F}.Release|Any CPU.Build.0 = Release|Any CPU
		{2A796869-3245-494C-9F8F-2F28E784516F}.Release|x64.ActiveCfg = Release|Any CPU
		{2A796869-3245-494C-9F8F-2F28E784516F}.Release|x64.Build.0 = Release|Any CPU
		{2A796869-3245-494C-9F8F-2F28E784516F}.Release|x86.ActiveCfg = Release|Any CPU
		{2A796869-3245-494C-9F8F-2F28E784516F}.Release|x86.Build.0 = Release|Any CPU
		{2647E402-7B07-417D-AA00-10F9E0623A5E}.Debug|Any CPU.ActiveCfg = Debug|Any CPU
		{2647E402-7B07-417D-AA00-10F9E0623A5E}.Debug|Any CPU.Build.0 = Debug|Any CPU
		{2647E402-7B07-417D-AA00-10F9E0623A5E}.Debug|x64.ActiveCfg = Debug|Any CPU
		{2647E402-7B07-417D-AA00-10F9E0623A5E}.Debug|x64.Build.0 = Debug|Any CPU
		{2647E402-7B07-417D-AA00-10F9E0623A5E}.Debug|x86.ActiveCfg = Debug|Any CPU
		{2647E402-7B07-417D-AA00-10F9E0623A5E}.Debug|x86.Build.0 = Debug|Any CPU
		{2647E402-7B07-417D-AA00-10F9E0623A5E}.Release|Any CPU.ActiveCfg = Release|Any CPU
		{2647E402-7B07-417D-AA00-10F9E0623A5E}.Release|Any CPU.Build.0 = Release|Any CPU
		{2647E402-7B07-417D-AA00-10F9E0623A5E}.Release|x64.ActiveCfg = Release|Any CPU
		{2647E402-7B07-417D-AA00-10F9E0623A5E}.Release|x64.Build.0 = Release|Any CPU
		{2647E402-7B07-417D-AA00-10F9E0623A5E}.Release|x86.ActiveCfg = Release|Any CPU
		{2647E402-7B07-417D-AA00-10F9E0623A5E}.Release|x86.Build.0 = Release|Any CPU
		{13BF8E6B-E158-44C4-AC69-A3FFAE1342DA}.Debug|Any CPU.ActiveCfg = Debug|Any CPU
		{13BF8E6B-E158-44C4-AC69-A3FFAE1342DA}.Debug|Any CPU.Build.0 = Debug|Any CPU
		{13BF8E6B-E158-44C4-AC69-A3FFAE1342DA}.Debug|x64.ActiveCfg = Debug|Any CPU
		{13BF8E6B-E158-44C4-AC69-A3FFAE1342DA}.Debug|x64.Build.0 = Debug|Any CPU
		{13BF8E6B-E158-44C4-AC69-A3FFAE1342DA}.Debug|x86.ActiveCfg = Debug|Any CPU
		{13BF8E6B-E158-44C4-AC69-A3FFAE1342DA}.Debug|x86.Build.0 = Debug|Any CPU
		{13BF8E6B-E158-44C4-AC69-A3FFAE1342DA}.Release|Any CPU.ActiveCfg = Release|Any CPU
		{13BF8E6B-E158-44C4-AC69-A3FFAE1342DA}.Release|Any CPU.Build.0 = Release|Any CPU
		{13BF8E6B-E158-44C4-AC69-A3FFAE1342DA}.Release|x64.ActiveCfg = Release|Any CPU
		{13BF8E6B-E158-44C4-AC69-A3FFAE1342DA}.Release|x64.Build.0 = Release|Any CPU
		{13BF8E6B-E158-44C4-AC69-A3FFAE1342DA}.Release|x86.ActiveCfg = Release|Any CPU
		{13BF8E6B-E158-44C4-AC69-A3FFAE1342DA}.Release|x86.Build.0 = Release|Any CPU
	EndGlobalSection
	GlobalSection(SolutionProperties) = preSolution
		HideSolutionNode = FALSE
	EndGlobalSection
	GlobalSection(NestedProjects) = preSolution
		{B6B8E6C0-E61B-49D6-BCA4-B8250F1D9354} = {827E0CD3-B72D-47B6-A68D-7590B98EB39B}
		{BF9EEBAE-FAC4-49D4-8903-5AD72D510773} = {827E0CD3-B72D-47B6-A68D-7590B98EB39B}
		{239DA2DD-C4EA-4B5E-945D-5C302FADFBAA} = {827E0CD3-B72D-47B6-A68D-7590B98EB39B}
		{4FA9BC5B-9421-4656-95B0-05C4A4108CAF} = {827E0CD3-B72D-47B6-A68D-7590B98EB39B}
		{769D5295-11D8-42E0-92D4-12C14450DB6E} = {827E0CD3-B72D-47B6-A68D-7590B98EB39B}
		{2A796869-3245-494C-9F8F-2F28E784516F} = {0AB3BF05-4346-4AA6-1389-037BE0695223}
		{2647E402-7B07-417D-AA00-10F9E0623A5E} = {0AB3BF05-4346-4AA6-1389-037BE0695223}
		{13BF8E6B-E158-44C4-AC69-A3FFAE1342DA} = {0AB3BF05-4346-4AA6-1389-037BE0695223}
	EndGlobalSection
EndGlobal
